
Microsoft Visual Studio Solution File, Format Version 12.00
# Visual Studio Version 16
VisualStudioVersion = 16.0.29102.190
MinimumVisualStudioVersion = 10.0.40219.1
Project("{FAE04EC0-301F-11D3-BF4B-00C04F79EFBC}") = "BinaryTree", "BinaryTree\BinaryTree.csproj", "{08D93446-1B9F-4300-BE17-D7B2037E7FEA}"
EndProject
Global
	GlobalSection(SolutionConfigurationPlatforms) = preSolution
		Debug|Any CPU = Debug|Any CPU
		Release|Any CPU = Release|Any CPU
	EndGlobalSection
	GlobalSection(ProjectConfigurationPlatforms) = postSolution
		{08D93446-1B9F-4300-BE17-D7B2037E7FEA}.Debug|Any CPU.ActiveCfg = Debug|Any CPU
		{08D93446-1B9F-4300-BE17-D7B2037E7FEA}.Debug|Any CPU.Build.0 = Debug|Any CPU
		{08D93446-1B9F-4300-BE17-D7B2037E7FEA}.Release|Any CPU.ActiveCfg = Release|Any CPU
		{08D93446-1B9F-4300-BE17-D7B2037E7FEA}.Release|Any CPU.Build.0 = Release|Any CPU
	EndGlobalSection
	GlobalSection(SolutionProperties) = preSolution
		HideSolutionNode = FALSE
	EndGlobalSection
	GlobalSection(ExtensibilityGlobals) = postSolution
		SolutionGuid = {9400991B-377D-46B8-9E9F-19018E7891B0}
	EndGlobalSection
EndGlobal
